
Microsoft Visual Studio Solution File, Format Version 12.00
# Visual Studio Version 17
VisualStudioVersion = 17.0.31612.314
MinimumVisualStudioVersion = 10.0.40219.1
Project("{FAE04EC0-301F-11D3-BF4B-00C04F79EFBC}") = "SchoolApp.API", "SchoolApp.API\SchoolApp.API.csproj", "{C0E9E96B-4A24-4ECB-A8E7-96BE573762C9}"
EndProject
Global
	GlobalSection(SolutionConfigurationPlatforms) = preSolution
		Debug|Any CPU = Debug|Any CPU
		Release|Any CPU = Release|Any CPU
	EndGlobalSection
	GlobalSection(ProjectConfigurationPlatforms) = postSolution
		{C0E9E96B-4A24-4ECB-A8E7-96BE573762C9}.Debug|Any CPU.ActiveCfg = Debug|Any CPU
		{C0E9E96B-4A24-4ECB-A8E7-96BE573762C9}.Debug|Any CPU.Build.0 = Debug|Any CPU
		{C0E9E96B-4A24-4ECB-A8E7-96BE573762C9}.Release|Any CPU.ActiveCfg = Release|Any CPU
		{C0E9E96B-4A24-4ECB-A8E7-96BE573762C9}.Release|Any CPU.Build.0 = Release|Any CPU
	EndGlobalSection
	GlobalSection(SolutionProperties) = preSolution
		HideSolutionNode = FALSE
	EndGlobalSection
	GlobalSection(ExtensibilityGlobals) = postSolution
		SolutionGuid = {63EB7A99-8386-481A-A074-449E7A695806}
	EndGlobalSection
EndGlobal
